<Solution>
  <Project Path="API/API.csproj" />
  <Project Path="Application.Tests/Application.Tests.csproj" Id="16a87abb-b624-4569-a101-3d6ab7ca09ee" />
  <Project Path="Application/Application.csproj" />
  <Project Path="Domain.Tests/Domain.Tests.csproj" />
  <Project Path="Domain/Domain.csproj" />
  <Project Path="Infrastructure/Infrastructure.csproj" />
  <Project Path="TestData/TestData.csproj" Id="6ff6b58d-e54d-4121-88e4-12aa1aff7912" />
</Solution>
